
Microsoft Visual Studio Solution File, Format Version 12.00
# Visual Studio Version 17
VisualStudioVersion = 17.14.36429.23
MinimumVisualStudioVersion = 10.0.40219.1
Project("{2150E333-8FDC-42A3-9474-1A3956D46DE8}") = "Task0", "Task0", "{02EA681E-C7D8-13C7-8484-4AC65E1B71E8}"
EndProject
Project("{FAE04EC0-301F-11D3-BF4B-00C04F79EFBC}") = "Tyuiu.MkhitaryanSG.Sprint2.Task0.V8", "Tyuiu.MkhitaryanSG.Sprint2.Task0.V8\Tyuiu.MkhitaryanSG.Sprint2.Task0.V8.csproj", "{EE97D566-C15B-4264-8A4D-206514A01B26}"
EndProject
Project("{FAE04EC0-301F-11D3-BF4B-00C04F79EFBC}") = "Tyuiu.MkhitaryanSG.Sprint2.Task0.V8.Lib", "Tyuiu.MkhitaryanSG.Sprint2.Task0.V8.Lib\Tyuiu.MkhitaryanSG.Sprint2.Task0.V8.Lib.csproj", "{212FFE99-7D61-4F65-81F1-A5B53C078ADD}"
EndProject
Project("{FAE04EC0-301F-11D3-BF4B-00C04F79EFBC}") = "Tyuiu.MkhitaryanSG.Sprint2.Task0.V8.Test", "Tyuiu.MkhitaryanSG.Sprint2.Task0.V8.Test\Tyuiu.MkhitaryanSG.Sprint2.Task0.V8.Test.csproj", "{DC28B939-93DE-44C4-8CD1-E379F80EFA29}"
EndProject
Project("{2150E333-8FDC-42A3-9474-1A3956D46DE8}") = "Task1", "Task1", "{45E6079C-5DF0-41BB-A2C7-FAFA5551A250}"
EndProject
Project("{FAE04EC0-301F-11D3-BF4B-00C04F79EFBC}") = "Tyuiu.MkhitaryanSG.Sprint2.Task1.V26", "Tyuiu.MkhitaryanSG.Sprint2.Task1.V26\Tyuiu.MkhitaryanSG.Sprint2.Task1.V26.csproj", "{FD4D303D-38B4-440E-BCFA-A02B881F7C48}"
EndProject
Project("{FAE04EC0-301F-11D3-BF4B-00C04F79EFBC}") = "Tyuiu.MkhitaryanSG.Sprint2.Task1.V26.Lib", "Tyuiu.MkhitaryanSG.Sprint2.Task1.V26.Lib\Tyuiu.MkhitaryanSG.Sprint2.Task1.V26.Lib.csproj", "{070A42C5-0319-4730-8973-A6C42E7755D9}"
EndProject
Project("{FAE04EC0-301F-11D3-BF4B-00C04F79EFBC}") = "Tyuiu.MkhitaryanSG.Sprint2.Task1.V26.Test", "Tyuiu.MkhitaryanSG.Sprint2.Task1.V26.Test\Tyuiu.MkhitaryanSG.Sprint2.Task1.V26.Test.csproj", "{1145CC74-D6A2-417E-AC8A-D6F71D5B03CF}"
EndProject
Project("{2150E333-8FDC-42A3-9474-1A3956D46DE8}") = "Task2", "Task2", "{0F9A65B9-7AFA-4729-8F3A-00F48D085C58}"
EndProject
Project("{FAE04EC0-301F-11D3-BF4B-00C04F79EFBC}") = "Tyuiu.MkhitaryanSG.Sprint2.Task2.V10", "Tyuiu.MkhitaryanSG.Sprint2.Task2.V10\Tyuiu.MkhitaryanSG.Sprint2.Task2.V10.csproj", "{B3948918-8AB8-4CA5-BC9C-335166C934C7}"
EndProject
Project("{FAE04EC0-301F-11D3-BF4B-00C04F79EFBC}") = "Tyuiu.MkhitaryanSG.Sprint2.Task2.V10.Lib", "Tyuiu.MkhitaryanSG.Sprint2.Task2.V10.Lib\Tyuiu.MkhitaryanSG.Sprint2.Task2.V10.Lib.csproj", "{5F142E11-99DE-4BDF-939F-3A8456EC626F}"
EndProject
Project("{FAE04EC0-301F-11D3-BF4B-00C04F79EFBC}") = "Tyuiu.MkhitaryanSG.Sprint2.Task2.V10.Test", "Tyuiu.MkhitaryanSG.Sprint2.Task2.V10.Test\Tyuiu.MkhitaryanSG.Sprint2.Task2.V10.Test.csproj", "{DDFA18D5-BD23-4648-8FDB-51F51B45CDF4}"
EndProject
Project("{2150E333-8FDC-42A3-9474-1A3956D46DE8}") = "Task3", "Task3", "{41B5116A-D394-417D-A4F6-1B50CFCCBDB2}"
EndProject
Project("{FAE04EC0-301F-11D3-BF4B-00C04F79EFBC}") = "Tyuiu.MkhitaryanSG.Sprint2.Task3.V4", "Tyuiu.MkhitaryanSG.Sprint2.Task3.V4\Tyuiu.MkhitaryanSG.Sprint2.Task3.V4.csproj", "{39C489CD-A569-43C3-B607-C34ACC7AAC77}"
EndProject
Project("{FAE04EC0-301F-11D3-BF4B-00C04F79EFBC}") = "Tyuiu.MkhitaryanSG.Sprint2.Task3.V4.Lib", "Tyuiu.MkhitaryanSG.Sprint2.Task3.V4.Lib\Tyuiu.MkhitaryanSG.Sprint2.Task3.V4.Lib.csproj", "{0E3FEB20-1FA8-4A16-9677-5B1BB3261C8D}"
EndProject
Project("{FAE04EC0-301F-11D3-BF4B-00C04F79EFBC}") = "Tyuiu.MkhitaryanSG.Sprint2.Task3.V4.Test", "Tyuiu.MkhitaryanSG.Sprint2.Task3.V4.Test\Tyuiu.MkhitaryanSG.Sprint2.Task3.V4.Test.csproj", "{12BD8320-5FB1-410E-88A7-BD369FEF2277}"
EndProject
Project("{2150E333-8FDC-42A3-9474-1A3956D46DE8}") = "Task4", "Task4", "{601D6D30-68A0-4400-85F7-EF935D518770}"
EndProject
Project("{FAE04EC0-301F-11D3-BF4B-00C04F79EFBC}") = "Tyuiu.MkhitaryanSG.Sprint2.Task4.V6", "Tyuiu.MkhitaryanSG.Sprint2.Task4.V6\Tyuiu.MkhitaryanSG.Sprint2.Task4.V6.csproj", "{23F6CFDB-EAB2-47BC-811F-E2CD49157177}"
EndProject
Project("{FAE04EC0-301F-11D3-BF4B-00C04F79EFBC}") = "Tyuiu.MkhitaryanSG.Sprint2.Task4.V6.Lib", "Tyuiu.MkhitaryanSG.Sprint2.Task4.V6.Lib\Tyuiu.MkhitaryanSG.Sprint2.Task4.V6.Lib.csproj", "{390EC385-DA22-4A0D-8FA9-5F4281F80B07}"
EndProject
Project("{FAE04EC0-301F-11D3-BF4B-00C04F79EFBC}") = "Tyuiu.MkhitaryanSG.Sprint2.Task4.V6.Test", "Tyuiu.MkhitaryanSG.Sprint2.Task4.V6.Test\Tyuiu.MkhitaryanSG.Sprint2.Task4.V6.Test.csproj", "{FE16647E-A61F-40FD-AADC-C38435C1C7FD}"
EndProject
Project("{2150E333-8FDC-42A3-9474-1A3956D46DE8}") = "Task5", "Task5", "{41DFC980-75F1-439B-BAAB-D9BCD9F5D986}"
EndProject
Project("{FAE04EC0-301F-11D3-BF4B-00C04F79EFBC}") = "Tyuiu.MkhitaryanSG.Sprint2.Task5.V9", "Tyuiu.MkhitaryanSG.Sprint2.Task5.V9\Tyuiu.MkhitaryanSG.Sprint2.Task5.V9.csproj", "{A2ADFA3C-8CEE-4691-BF45-FC20461B0220}"
EndProject
Project("{FAE04EC0-301F-11D3-BF4B-00C04F79EFBC}") = "Tyuiu.MkhitaryanSG.Sprint2.Task5.V9.Lib", "Tyuiu.MkhitaryanSG.Sprint2.Task5.V9.Lib\Tyuiu.MkhitaryanSG.Sprint2.Task5.V9.Lib.csproj", "{94887402-8B60-4F45-8071-4B93B952C599}"
EndProject
Project("{FAE04EC0-301F-11D3-BF4B-00C04F79EFBC}") = "Tyuiu.MkhitaryanSG.Sprint2.Task5.V9.Test", "Tyuiu.MkhitaryanSG.Sprint2.Task5.V9.Test\Tyuiu.MkhitaryanSG.Sprint2.Task5.V9.Test.csproj", "{4FDDA871-7A0A-49DF-87E9-8E2652C7E7DB}"
EndProject
Project("{2150E333-8FDC-42A3-9474-1A3956D46DE8}") = "Task6", "Task6", "{D551D7F5-98A3-475B-BFE3-7990F15D278C}"
EndProject
Project("{FAE04EC0-301F-11D3-BF4B-00C04F79EFBC}") = "Tyuiu.MkhitaryanSG.Sprint2.Task6.V12", "Tyuiu.MkhitaryanSG.Sprint2.Task6.V12\Tyuiu.MkhitaryanSG.Sprint2.Task6.V12.csproj", "{A22F2048-D65A-457E-9670-70B2A5B9A998}"
EndProject
Project("{FAE04EC0-301F-11D3-BF4B-00C04F79EFBC}") = "Tyuiu.MkhitaryanSG.Sprint2.Task6.V12.Lib", "Tyuiu.MkhitaryanSG.Sprint2.Task6.V12.Lib\Tyuiu.MkhitaryanSG.Sprint2.Task6.V12.Lib.csproj", "{828FF5A1-806E-4F46-BF10-956CBD8C2724}"
EndProject
Project("{FAE04EC0-301F-11D3-BF4B-00C04F79EFBC}") = "Tyuiu.MkhitaryanSG.Sprint2.Task6.V12.Test", "Tyuiu.MkhitaryanSG.Sprint2.Task6.V12.Test\Tyuiu.MkhitaryanSG.Sprint2.Task6.V12.Test.csproj", "{65F33E49-1C48-48F2-8AD2-CD812FDFFF10}"
EndProject
Global
	GlobalSection(SolutionConfigurationPlatforms) = preSolution
		Debug|Any CPU = Debug|Any CPU
		Release|Any CPU = Release|Any CPU
	EndGlobalSection
	GlobalSection(ProjectConfigurationPlatforms) = postSolution
		{EE97D566-C15B-4264-8A4D-206514A01B26}.Debug|Any CPU.ActiveCfg = Debug|Any CPU
		{EE97D566-C15B-4264-8A4D-206514A01B26}.Debug|Any CPU.Build.0 = Debug|Any CPU
		{EE97D566-C15B-4264-8A4D-206514A01B26}.Release|Any CPU.ActiveCfg = Release|Any CPU
		{EE97D566-C15B-4264-8A4D-206514A01B26}.Release|Any CPU.Build.0 = Release|Any CPU
		{212FFE99-7D61-4F65-81F1-A5B53C078ADD}.Debug|Any CPU.ActiveCfg = Debug|Any CPU
		{212FFE99-7D61-4F65-81F1-A5B53C078ADD}.Debug|Any CPU.Build.0 = Debug|Any CPU
		{212FFE99-7D61-4F65-81F1-A5B53C078ADD}.Release|Any CPU.ActiveCfg = Release|Any CPU
		{212FFE99-7D61-4F65-81F1-A5B53C078ADD}.Release|Any CPU.Build.0 = Release|Any CPU
		{DC28B939-93DE-44C4-8CD1-E379F80EFA29}.Debug|Any CPU.ActiveCfg = Debug|Any CPU
		{DC28B939-93DE-44C4-8CD1-E379F80EFA29}.Debug|Any CPU.Build.0 = Debug|Any CPU
		{DC28B939-93DE-44C4-8CD1-E379F80EFA29}.Release|Any CPU.ActiveCfg = Release|Any CPU
		{DC28B939-93DE-44C4-8CD1-E379F80EFA29}.Release|Any CPU.Build.0 = Release|Any CPU
		{FD4D303D-38B4-440E-BCFA-A02B881F7C48}.Debug|Any CPU.ActiveCfg = Debug|Any CPU
		{FD4D303D-38B4-440E-BCFA-A02B881F7C48}.Debug|Any CPU.Build.0 = Debug|Any CPU
		{FD4D303D-38B4-440E-BCFA-A02B881F7C48}.Release|Any CPU.ActiveCfg = Release|Any CPU
		{FD4D303D-38B4-440E-BCFA-A02B881F7C48}.Release|Any CPU.Build.0 = Release|Any CPU
		{070A42C5-0319-4730-8973-A6C42E7755D9}.Debug|Any CPU.ActiveCfg = Debug|Any CPU
		{070A42C5-0319-4730-8973-A6C42E7755D9}.Debug|Any CPU.Build.0 = Debug|Any CPU
		{070A42C5-0319-4730-8973-A6C42E7755D9}.Release|Any CPU.ActiveCfg = Release|Any CPU
		{070A42C5-0319-4730-8973-A6C42E7755D9}.Release|Any CPU.Build.0 = Release|Any CPU
		{1145CC74-D6A2-417E-AC8A-D6F71D5B03CF}.Debug|Any CPU.ActiveCfg = Debug|Any CPU
		{1145CC74-D6A2-417E-AC8A-D6F71D5B03CF}.Debug|Any CPU.Build.0 = Debug|Any CPU
		{1145CC74-D6A2-417E-AC8A-D6F71D5B03CF}.Release|Any CPU.ActiveCfg = Release|Any CPU
		{1145CC74-D6A2-417E-AC8A-D6F71D5B03CF}.Release|Any CPU.Build.0 = Release|Any CPU
		{B3948918-8AB8-4CA5-BC9C-335166C934C7}.Debug|Any CPU.ActiveCfg = Debug|Any CPU
		{B3948918-8AB8-4CA5-BC9C-335166C934C7}.Debug|Any CPU.Build.0 = Debug|Any CPU
		{B3948918-8AB8-4CA5-BC9C-335166C934C7}.Release|Any CPU.ActiveCfg = Release|Any CPU
		{B3948918-8AB8-4CA5-BC9C-335166C934C7}.Release|Any CPU.Build.0 = Release|Any CPU
		{5F142E11-99DE-4BDF-939F-3A8456EC626F}.Debug|Any CPU.ActiveCfg = Debug|Any CPU
		{5F142E11-99DE-4BDF-939F-3A8456EC626F}.Debug|Any CPU.Build.0 = Debug|Any CPU
		{5F142E11-99DE-4BDF-939F-3A8456EC626F}.Release|Any CPU.ActiveCfg = Release|Any CPU
		{5F142E11-99DE-4BDF-939F-3A8456EC626F}.Release|Any CPU.Build.0 = Release|Any CPU
		{DDFA18D5-BD23-4648-8FDB-51F51B45CDF4}.Debug|Any CPU.ActiveCfg = Debug|Any CPU
		{DDFA18D5-BD23-4648-8FDB-51F51B45CDF4}.Debug|Any CPU.Build.0 = Debug|Any CPU
		{DDFA18D5-BD23-4648-8FDB-51F51B45CDF4}.Release|Any CPU.ActiveCfg = Release|Any CPU
		{DDFA18D5-BD23-4648-8FDB-51F51B45CDF4}.Release|Any CPU.Build.0 = Release|Any CPU
		{39C489CD-A569-43C3-B607-C34ACC7AAC77}.Debug|Any CPU.ActiveCfg = Debug|Any CPU
		{39C489CD-A569-43C3-B607-C34ACC7AAC77}.Debug|Any CPU.Build.0 = Debug|Any CPU
		{39C489CD-A569-43C3-B607-C34ACC7AAC77}.Release|Any CPU.ActiveCfg = Release|Any CPU
		{39C489CD-A569-43C3-B607-C34ACC7AAC77}.Release|Any CPU.Build.0 = Release|Any CPU
		{0E3FEB20-1FA8-4A16-9677-5B1BB3261C8D}.Debug|Any CPU.ActiveCfg = Debug|Any CPU
		{0E3FEB20-1FA8-4A16-9677-5B1BB3261C8D}.Debug|Any CPU.Build.0 = Debug|Any CPU
		{0E3FEB20-1FA8-4A16-9677-5B1BB3261C8D}.Release|Any CPU.ActiveCfg = Release|Any CPU
		{0E3FEB20-1FA8-4A16-9677-5B1BB3261C8D}.Release|Any CPU.Build.0 = Release|Any CPU
		{12BD8320-5FB1-410E-88A7-BD369FEF2277}.Debug|Any CPU.ActiveCfg = Debug|Any CPU
		{12BD8320-5FB1-410E-88A7-BD369FEF2277}.Debug|Any CPU.Build.0 = Debug|Any CPU
		{12BD8320-5FB1-410E-88A7-BD369FEF2277}.Release|Any CPU.ActiveCfg = Release|Any CPU
		{12BD8320-5FB1-410E-88A7-BD369FEF2277}.Release|Any CPU.Build.0 = Release|Any CPU
		{23F6CFDB-EAB2-47BC-811F-E2CD49157177}.Debug|Any CPU.ActiveCfg = Debug|Any CPU
		{23F6CFDB-EAB2-47BC-811F-E2CD49157177}.Debug|Any CPU.Build.0 = Debug|Any CPU
		{23F6CFDB-EAB2-47BC-811F-E2CD49157177}.Release|Any CPU.ActiveCfg = Release|Any CPU
		{23F6CFDB-EAB2-47BC-811F-E2CD49157177}.Release|Any CPU.Build.0 = Release|Any CPU
		{390EC385-DA22-4A0D-8FA9-5F4281F80B07}.Debug|Any CPU.ActiveCfg = Debug|Any CPU
		{390EC385-DA22-4A0D-8FA9-5F4281F80B07}.Debug|Any CPU.Build.0 = Debug|Any CPU
		{390EC385-DA22-4A0D-8FA9-5F4281F80B07}.Release|Any CPU.ActiveCfg = Release|Any CPU
		{390EC385-DA22-4A0D-8FA9-5F4281F80B07}.Release|Any CPU.Build.0 = Release|Any CPU
		{FE16647E-A61F-40FD-AADC-C38435C1C7FD}.Debug|Any CPU.ActiveCfg = Debug|Any CPU
		{FE16647E-A61F-40FD-AADC-C38435C1C7FD}.Debug|Any CPU.Build.0 = Debug|Any CPU
		{FE16647E-A61F-40FD-AADC-C38435C1C7FD}.Release|Any CPU.ActiveCfg = Release|Any CPU
		{FE16647E-A61F-40FD-AADC-C38435C1C7FD}.Release|Any CPU.Build.0 = Release|Any CPU
		{A2ADFA3C-8CEE-4691-BF45-FC20461B0220}.Debug|Any CPU.ActiveCfg = Debug|Any CPU
		{A2ADFA3C-8CEE-4691-BF45-FC20461B0220}.Debug|Any CPU.Build.0 = Debug|Any CPU
		{A2ADFA3C-8CEE-4691-BF45-FC20461B0220}.Release|Any CPU.ActiveCfg = Release|Any CPU
		{A2ADFA3C-8CEE-4691-BF45-FC20461B0220}.Release|Any CPU.Build.0 = Release|Any CPU
		{94887402-8B60-4F45-8071-4B93B952C599}.Debug|Any CPU.ActiveCfg = Debug|Any CPU
		{94887402-8B60-4F45-8071-4B93B952C599}.Debug|Any CPU.Build.0 = Debug|Any CPU
		{94887402-8B60-4F45-8071-4B93B952C599}.Release|Any CPU.ActiveCfg = Release|Any CPU
		{94887402-8B60-4F45-8071-4B93B952C599}.Release|Any CPU.Build.0 = Release|Any CPU
		{4FDDA871-7A0A-49DF-87E9-8E2652C7E7DB}.Debug|Any CPU.ActiveCfg = Debug|Any CPU
		{4FDDA871-7A0A-49DF-87E9-8E2652C7E7DB}.Debug|Any CPU.Build.0 = Debug|Any CPU
		{4FDDA871-7A0A-49DF-87E9-8E2652C7E7DB}.Release|Any CPU.ActiveCfg = Release|Any CPU
		{4FDDA871-7A0A-49DF-87E9-8E2652C7E7DB}.Release|Any CPU.Build.0 = Release|Any CPU
		{A22F2048-D65A-457E-9670-70B2A5B9A998}.Debug|Any CPU.ActiveCfg = Debug|Any CPU
		{A22F2048-D65A-457E-9670-70B2A5B9A998}.Debug|Any CPU.Build.0 = Debug|Any CPU
		{A22F2048-D65A-457E-9670-70B2A5B9A998}.Release|Any CPU.ActiveCfg = Release|Any CPU
		{A22F2048-D65A-457E-9670-70B2A5B9A998}.Release|Any CPU.Build.0 = Release|Any CPU
		{828FF5A1-806E-4F46-BF10-956CBD8C2724}.Debug|Any CPU.ActiveCfg = Debug|Any CPU
		{828FF5A1-806E-4F46-BF10-956CBD8C2724}.Debug|Any CPU.Build.0 = Debug|Any CPU
		{828FF5A1-806E-4F46-BF10-956CBD8C2724}.Release|Any CPU.ActiveCfg = Release|Any CPU
		{828FF5A1-806E-4F46-BF10-956CBD8C2724}.Release|Any CPU.Build.0 = Release|Any CPU
		{65F33E49-1C48-48F2-8AD2-CD812FDFFF10}.Debug|Any CPU.ActiveCfg = Debug|Any CPU
		{65F33E49-1C48-48F2-8AD2-CD812FDFFF10}.Debug|Any CPU.Build.0 = Debug|Any CPU
		{65F33E49-1C48-48F2-8AD2-CD812FDFFF10}.Release|Any CPU.ActiveCfg = Release|Any CPU
		{65F33E49-1C48-48F2-8AD2-CD812FDFFF10}.Release|Any CPU.Build.0 = Release|Any CPU
	EndGlobalSection
	GlobalSection(SolutionProperties) = preSolution
		HideSolutionNode = FALSE
	EndGlobalSection
	GlobalSection(NestedProjects) = preSolution
		{EE97D566-C15B-4264-8A4D-206514A01B26} = {02EA681E-C7D8-13C7-8484-4AC65E1B71E8}
		{212FFE99-7D61-4F65-81F1-A5B53C078ADD} = {02EA681E-C7D8-13C7-8484-4AC65E1B71E8}
		{DC28B939-93DE-44C4-8CD1-E379F80EFA29} = {02EA681E-C7D8-13C7-8484-4AC65E1B71E8}
		{FD4D303D-38B4-440E-BCFA-A02B881F7C48} = {45E6079C-5DF0-41BB-A2C7-FAFA5551A250}
		{070A42C5-0319-4730-8973-A6C42E7755D9} = {45E6079C-5DF0-41BB-A2C7-FAFA5551A250}
		{1145CC74-D6A2-417E-AC8A-D6F71D5B03CF} = {45E6079C-5DF0-41BB-A2C7-FAFA5551A250}
		{B3948918-8AB8-4CA5-BC9C-335166C934C7} = {0F9A65B9-7AFA-4729-8F3A-00F48D085C58}
		{5F142E11-99DE-4BDF-939F-3A8456EC626F} = {0F9A65B9-7AFA-4729-8F3A-00F48D085C58}
		{DDFA18D5-BD23-4648-8FDB-51F51B45CDF4} = {0F9A65B9-7AFA-4729-8F3A-00F48D085C58}
		{39C489CD-A569-43C3-B607-C34ACC7AAC77} = {41B5116A-D394-417D-A4F6-1B50CFCCBDB2}
		{0E3FEB20-1FA8-4A16-9677-5B1BB3261C8D} = {41B5116A-D394-417D-A4F6-1B50CFCCBDB2}
		{12BD8320-5FB1-410E-88A7-BD369FEF2277} = {41B5116A-D394-417D-A4F6-1B50CFCCBDB2}
		{23F6CFDB-EAB2-47BC-811F-E2CD49157177} = {601D6D30-68A0-4400-85F7-EF935D518770}
		{390EC385-DA22-4A0D-8FA9-5F4281F80B07} = {601D6D30-68A0-4400-85F7-EF935D518770}
		{FE16647E-A61F-40FD-AADC-C38435C1C7FD} = {601D6D30-68A0-4400-85F7-EF935D518770}
		{A2ADFA3C-8CEE-4691-BF45-FC20461B0220} = {41DFC980-75F1-439B-BAAB-D9BCD9F5D986}
		{94887402-8B60-4F45-8071-4B93B952C599} = {41DFC980-75F1-439B-BAAB-D9BCD9F5D986}
		{4FDDA871-7A0A-49DF-87E9-8E2652C7E7DB} = {41DFC980-75F1-439B-BAAB-D9BCD9F5D986}
		{A22F2048-D65A-457E-9670-70B2A5B9A998} = {D551D7F5-98A3-475B-BFE3-7990F15D278C}
		{828FF5A1-806E-4F46-BF10-956CBD8C2724} = {D551D7F5-98A3-475B-BFE3-7990F15D278C}
		{65F33E49-1C48-48F2-8AD2-CD812FDFFF10} = {D551D7F5-98A3-475B-BFE3-7990F15D278C}
	EndGlobalSection
	GlobalSection(ExtensibilityGlobals) = postSolution
		SolutionGuid = {B34DCF76-6207-4844-8B5B-1D3CF93D0309}
	EndGlobalSection
EndGlobal
